// !$*UTF8*$!
{
	archiveVersion = 1;
	classes = {
	};
	objectVersion = 51;
	objects = {

/* Begin PBXBuildFile section */
		250190A02536FAAE00CCF96A /* AppDelegate.swift in Sources */ = {isa = PBXBuildFile; fileRef = 2501909F2536FAAE00CCF96A /* AppDelegate.swift */; };
		250190A42536FAAE00CCF96A /* ViewController.swift in Sources */ = {isa = PBXBuildFile; fileRef = 250190A32536FAAE00CCF96A /* ViewController.swift */; };
		250190A72536FAAE00CCF96A /* Main.storyboard in Resources */ = {isa = PBXBuildFile; fileRef = 250190A52536FAAE00CCF96A /* Main.storyboard */; };
		250190A92536FAAE00CCF96A /* Assets.xcassets in Resources */ = {isa = PBXBuildFile; fileRef = 250190A82536FAAE00CCF96A /* Assets.xcassets */; };
		250190AC2536FAAE00CCF96A /* LaunchScreen.storyboard in Resources */ = {isa = PBXBuildFile; fileRef = 250190AA2536FAAE00CCF96A /* LaunchScreen.storyboard */; };
		30C11FF02DAA326922397560 /* Pods_HelloFlutter.framework in Frameworks */ = {isa = PBXBuildFile; fileRef = BCB108BF473CD4F5DBB99501 /* Pods_HelloFlutter.framework */; };
/* End PBXBuildFile section */

/* Begin PBXFileReference section */
		2501909C2536FAAE00CCF96A /* HelloFlutter.app */ = {isa = PBXFileReference; explicitFileType = wrapper.application; includeInIndex = 0; path = HelloFlutter.app; sourceTree = BUILT_PRODUCTS_DIR; };
		2501909F2536FAAE00CCF96A /* AppDelegate.swift */ = {isa = PBXFileReference; lastKnownFileType = sourcecode.swift; path = AppDelegate.swift; sourceTree = "<group>"; };
		250190A32536FAAE00CCF96A /* ViewController.swift */ = {isa = PBXFileReference; lastKnownFileType = sourcecode.swift; path = ViewController.swift; sourceTree = "<group>"; };
		250190A62536FAAE00CCF96A /* Base */ = {isa = PBXFileReference; lastKnownFileType = file.storyboard; name = Base; path = Base.lproj/Main.storyboard; sourceTree = "<group>"; };
		250190A82536FAAE00CCF96A /* Assets.xcassets */ = {isa = PBXFileReference; lastKnownFileType = folder.assetcatalog; path = Assets.xcassets; sourceTree = "<group>"; };
		250190AB2536FAAE00CCF96A /* Base */ = {isa = PBXFileReference; lastKnownFileType = file.storyboard; name = Base; path = Base.lproj/LaunchScreen.storyboard; sourceTree = "<group>"; };
		250190AD2536FAAE00CCF96A /* Info-Debug.plist */ = {isa = PBXFileReference; lastKnownFileType = text.plist.xml; path = "Info-Debug.plist"; sourceTree = "<group>"; };
		250190B92536FB7B00CCF96A /* Info-Production.plist */ = {isa = PBXFileReference; fileEncoding = 4; lastKnownFileType = text.plist.xml; path = "Info-Production.plist"; sourceTree = "<group>"; };
		463D0E8C42DEB15318D97688 /* Pods-HelloFlutter.debug.xcconfig */ = {isa = PBXFileReference; includeInIndex = 1; lastKnownFileType = text.xcconfig; name = "Pods-HelloFlutter.debug.xcconfig"; path = "Target Support Files/Pods-HelloFlutter/Pods-HelloFlutter.debug.xcconfig"; sourceTree = "<group>"; };
		94A11044F986FF1F1F80F2F1 /* Pods-HelloFlutter.release.xcconfig */ = {isa = PBXFileReference; includeInIndex = 1; lastKnownFileType = text.xcconfig; name = "Pods-HelloFlutter.release.xcconfig"; path = "Target Support Files/Pods-HelloFlutter/Pods-HelloFlutter.release.xcconfig"; sourceTree = "<group>"; };
		BCB108BF473CD4F5DBB99501 /* Pods_HelloFlutter.framework */ = {isa = PBXFileReference; explicitFileType = wrapper.framework; includeInIndex = 0; path = Pods_HelloFlutter.framework; sourceTree = BUILT_PRODUCTS_DIR; };
/* End PBXFileReference section */

/* Begin PBXFrameworksBuildPhase section */
		250190992536FAAE00CCF96A /* Frameworks */ = {
			isa = PBXFrameworksBuildPhase;
			buildActionMask = 2147483647;
			files = (
				30C11FF02DAA326922397560 /* Pods_HelloFlutter.framework in Frameworks */,
			);
			runOnlyForDeploymentPostprocessing = 0;
		};
/* End PBXFrameworksBuildPhase section */

/* Begin PBXGroup section */
		250190932536FAAE00CCF96A = {
			isa = PBXGroup;
			children = (
				2501909E2536FAAE00CCF96A /* HelloFlutter */,
				2501909D2536FAAE00CCF96A /* Products */,
				C8A2B552408F107BA3C1C2B0 /* Pods */,
				772683B1634174D25B40E052 /* Frameworks */,
			);
			sourceTree = "<group>";
		};
		2501909D2536FAAE00CCF96A /* Products */ = {
			isa = PBXGroup;
			children = (
				2501909C2536FAAE00CCF96A /* HelloFlutter.app */,
			);
			name = Products;
			sourceTree = "<group>";
		};
		2501909E2536FAAE00CCF96A /* HelloFlutter */ = {
			isa = PBXGroup;
			children = (
				2501909F2536FAAE00CCF96A /* AppDelegate.swift */,
				250190A32536FAAE00CCF96A /* ViewController.swift */,
				250190A52536FAAE00CCF96A /* Main.storyboard */,
				250190A82536FAAE00CCF96A /* Assets.xcassets */,
				250190AA2536FAAE00CCF96A /* LaunchScreen.storyboard */,
				250190AD2536FAAE00CCF96A /* Info-Debug.plist */,
				250190B92536FB7B00CCF96A /* Info-Production.plist */,
			);
			path = HelloFlutter;
			sourceTree = "<group>";
		};
		772683B1634174D25B40E052 /* Frameworks */ = {
			isa = PBXGroup;
			children = (
				BCB108BF473CD4F5DBB99501 /* Pods_HelloFlutter.framework */,
			);
			name = Frameworks;
			sourceTree = "<group>";
		};
		C8A2B552408F107BA3C1C2B0 /* Pods */ = {
			isa = PBXGroup;
			children = (
				463D0E8C42DEB15318D97688 /* Pods-HelloFlutter.debug.xcconfig */,
				94A11044F986FF1F1F80F2F1 /* Pods-HelloFlutter.release.xcconfig */,
			);
			path = Pods;
			sourceTree = "<group>";
		};
/* End PBXGroup section */

/* Begin PBXNativeTarget section */
		2501909B2536FAAE00CCF96A /* HelloFlutter */ = {
			isa = PBXNativeTarget;
			buildConfigurationList = 250190B02536FAAE00CCF96A /* Build configuration list for PBXNativeTarget "HelloFlutter" */;
			buildPhases = (
				75243A1106C07956C4482726 /* [CP] Check Pods Manifest.lock */,
				22339C2D383B0B237773C9A2 /* [CP-User] Run Flutter Build my_flutter Script */,
				250190982536FAAE00CCF96A /* Sources */,
				250190992536FAAE00CCF96A /* Frameworks */,
				2501909A2536FAAE00CCF96A /* Resources */,
				333D2BB43129028E0C7EE35C /* [CP] Embed Pods Frameworks */,
			);
			buildRules = (
			);
			dependencies = (
			);
			name = HelloFlutter;
			productName = HelloFlutter;
			productReference = 2501909C2536FAAE00CCF96A /* HelloFlutter.app */;
			productType = "com.apple.product-type.application";
		};
/* End PBXNativeTarget section */

/* Begin PBXProject section */
		250190942536FAAE00CCF96A /* Project object */ = {
			isa = PBXProject;
			attributes = {
				LastSwiftUpdateCheck = 1200;
				LastUpgradeCheck = 1200;
				TargetAttributes = {
					2501909B2536FAAE00CCF96A = {
						CreatedOnToolsVersion = 12.0.1;
					};
				};
			};
			buildConfigurationList = 250190972536FAAE00CCF96A /* Build configuration list for PBXProject "HelloFlutter" */;
			compatibilityVersion = "Xcode 9.3";
			developmentRegion = en;
			hasScannedForEncodings = 0;
			knownRegions = (
				en,
				Base,
			);
			mainGroup = 250190932536FAAE00CCF96A;
			productRefGroup = 2501909D2536FAAE00CCF96A /* Products */;
			projectDirPath = "";
			projectRoot = "";
			targets = (
				2501909B2536FAAE00CCF96A /* HelloFlutter */,
			);
		};
/* End PBXProject section */

/* Begin PBXResourcesBuildPhase section */
		2501909A2536FAAE00CCF96A /* Resources */ = {
			isa = PBXResourcesBuildPhase;
			buildActionMask = 2147483647;
			files = (
				250190AC2536FAAE00CCF96A /* LaunchScreen.storyboard in Resources */,
				250190A92536FAAE00CCF96A /* Assets.xcassets in Resources */,
				250190A72536FAAE00CCF96A /* Main.storyboard in Resources */,
			);
			runOnlyForDeploymentPostprocessing = 0;
		};
/* End PBXResourcesBuildPhase section */

/* Begin PBXShellScriptBuildPhase section */
		22339C2D383B0B237773C9A2 /* [CP-User] Run Flutter Build my_flutter Script */ = {
			isa = PBXShellScriptBuildPhase;
			buildActionMask = 2147483647;
			files = (
			);
			inputPaths = (
				"${SRCROOT}/../my_flutter/.metadata",
				"${SRCROOT}/../my_flutter/.ios/Flutter/App.framework/App",
				"${SRCROOT}/../my_flutter/.ios/Flutter/engine/Flutter.framework/Flutter",
				"${SRCROOT}/../my_flutter/.ios/Flutter/flutter_export_environment.sh",
			);
			name = "[CP-User] Run Flutter Build my_flutter Script";
			runOnlyForDeploymentPostprocessing = 0;
			shellPath = /bin/sh;
			shellScript = "set -e\nset -u\nsource \"${SRCROOT}/../my_flutter/.ios/Flutter/flutter_export_environment.sh\"\n\"$FLUTTER_ROOT\"/packages/flutter_tools/bin/xcode_backend.sh build";
		};
		333D2BB43129028E0C7EE35C /* [CP] Embed Pods Frameworks */ = {
			isa = PBXShellScriptBuildPhase;
			buildActionMask = 2147483647;
			files = (
			);
			inputFileListPaths = (
				"${PODS_ROOT}/Target Support Files/Pods-HelloFlutter/Pods-HelloFlutter-frameworks-${CONFIGURATION}-input-files.xcfilelist",
			);
			name = "[CP] Embed Pods Frameworks";
			outputFileListPaths = (
				"${PODS_ROOT}/Target Support Files/Pods-HelloFlutter/Pods-HelloFlutter-frameworks-${CONFIGURATION}-output-files.xcfilelist",
			);
			runOnlyForDeploymentPostprocessing = 0;
			shellPath = /bin/sh;
			shellScript = "\"${PODS_ROOT}/Target Support Files/Pods-HelloFlutter/Pods-HelloFlutter-frameworks.sh\"\n";
			showEnvVarsInLog = 0;
		};
		75243A1106C07956C4482726 /* [CP] Check Pods Manifest.lock */ = {
			isa = PBXShellScriptBuildPhase;
			buildActionMask = 2147483647;
			files = (
			);
			inputFileListPaths = (
			);
			inputPaths = (
				"${PODS_PODFILE_DIR_PATH}/Podfile.lock",
				"${PODS_ROOT}/Manifest.lock",
			);
			name = "[CP] Check Pods Manifest.lock";
			outputFileListPaths = (
			);
			outputPaths = (
				"$(DERIVED_FILE_DIR)/Pods-HelloFlutter-checkManifestLockResult.txt",
			);
			runOnlyForDeploymentPostprocessing = 0;
			shellPath = /bin/sh;
			shellScript = "diff \"${PODS_PODFILE_DIR_PATH}/Podfile.lock\" \"${PODS_ROOT}/Manifest.lock\" > /dev/null\nif [ $? != 0 ] ; then\n    # print error to STDERR\n    echo \"error: The sandbox is not in sync with the Podfile.lock. Run 'pod install' or update your CocoaPods installation.\" >&2\n    exit 1\nfi\n# This output is used by Xcode 'outputs' to avoid re-running this script phase.\necho \"SUCCESS\" > \"${SCRIPT_OUTPUT_FILE_0}\"\n";
			showEnvVarsInLog = 0;
		};
/* End PBXShellScriptBuildPhase section */

/* Begin PBXSourcesBuildPhase section */
		250190982536FAAE00CCF96A /* Sources */ = {
			isa = PBXSourcesBuildPhase;
			buildActionMask = 2147483647;
			files = (
				250190A42536FAAE00CCF96A /* ViewController.swift in Sources */,
				250190A02536FAAE00CCF96A /* AppDelegate.swift in Sources */,
			);
			runOnlyForDeploymentPostprocessing = 0;
		};
/* End PBXSourcesBuildPhase section */

/* Begin PBXVariantGroup section */
		250190A52536FAAE00CCF96A /* Main.storyboard */ = {
			isa = PBXVariantGroup;
			children = (
				250190A62536FAAE00CCF96A /* Base */,
			);
			name = Main.storyboard;
			sourceTree = "<group>";
		};
		250190AA2536FAAE00CCF96A /* LaunchScreen.storyboard */ = {
			isa = PBXVariantGroup;
			children = (
				250190AB2536FAAE00CCF96A /* Base */,
			);
			name = LaunchScreen.storyboard;
			sourceTree = "<group>";
		};
/* End PBXVariantGroup section */

/* Begin XCBuildConfiguration section */
		250190AE2536FAAE00CCF96A /* Debug */ = {
			isa = XCBuildConfiguration;
			buildSettings = {
				ALWAYS_SEARCH_USER_PATHS = NO;
				CLANG_ANALYZER_NONNULL = YES;
				CLANG_ANALYZER_NUMBER_OBJECT_CONVERSION = YES_AGGRESSIVE;
				CLANG_CXX_LANGUAGE_STANDARD = "gnu++14";
				CLANG_CXX_LIBRARY = "libc++";
				CLANG_ENABLE_MODULES = YES;
				CLANG_ENABLE_OBJC_ARC = YES;
				CLANG_ENABLE_OBJC_WEAK = YES;
				CLANG_WARN_BLOCK_CAPTURE_AUTORELEASING = YES;
				CLANG_WARN_BOOL_CONVERSION = YES;
				CLANG_WARN_COMMA = YES;
				CLANG_WARN_CONSTANT_CONVERSION = YES;
				CLANG_WARN_DEPRECATED_OBJC_IMPLEMENTATIONS = YES;
				CLANG_WARN_DIRECT_OBJC_ISA_USAGE = YES_ERROR;
				CLANG_WARN_DOCUMENTATION_COMMENTS = YES;
				CLANG_WARN_EMPTY_BODY = YES;
				CLANG_WARN_ENUM_CONVERSION = YES;
				CLANG_WARN_INFINITE_RECURSION = YES;
				CLANG_WARN_INT_CONVERSION = YES;
				CLANG_WARN_NON_LITERAL_NULL_CONVERSION = YES;
				CLANG_WARN_OBJC_IMPLICIT_RETAIN_SELF = YES;
				CLANG_WARN_OBJC_LITERAL_CONVERSION = YES;
				CLANG_WARN_OBJC_ROOT_CLASS = YES_ERROR;
				CLANG_WARN_QUOTED_INCLUDE_IN_FRAMEWORK_HEADER = YES;
				CLANG_WARN_RANGE_LOOP_ANALYSIS = YES;
				CLANG_WARN_STRICT_PROTOTYPES = YES;
				CLANG_WARN_SUSPICIOUS_MOVE = YES;
				CLANG_WARN_UNGUARDED_AVAILABILITY = YES_AGGRESSIVE;
				CLANG_WARN_UNREACHABLE_CODE = YES;
				CLANG_WARN__DUPLICATE_METHOD_MATCH = YES;
				COPY_PHASE_STRIP = NO;
				DEBUG_INFORMATION_FORMAT = dwarf;
				ENABLE_STRICT_OBJC_MSGSEND = YES;
				ENABLE_TESTABILITY = YES;
				GCC_C_LANGUAGE_STANDARD = gnu11;
				GCC_DYNAMIC_NO_PIC = NO;
				GCC_NO_COMMON_BLOCKS = YES;
				GCC_OPTIMIZATION_LEVEL = 0;
				GCC_PREPROCESSOR_DEFINITIONS = (
					"DEBUG=1",
					"$(inherited)",
				);
				GCC_WARN_64_TO_32_BIT_CONVERSION = YES;
				GCC_WARN_ABOUT_RETURN_TYPE = YES_ERROR;
				GCC_WARN_UNDECLARED_SELECTOR = YES;
				GCC_WARN_UNINITIALIZED_AUTOS = YES_AGGRESSIVE;
				GCC_WARN_UNUSED_FUNCTION = YES;
				GCC_WARN_UNUSED_VARIABLE = YES;
				IPHONEOS_DEPLOYMENT_TARGET = 14.0;
				MTL_ENABLE_DEBUG_INFO = INCLUDE_SOURCE;
				MTL_FAST_MATH = YES;
				ONLY_ACTIVE_ARCH = YES;
				SDKROOT = iphoneos;
				SWIFT_ACTIVE_COMPILATION_CONDITIONS = DEBUG;
				SWIFT_OPTIMIZATION_LEVEL = "-Onone";
			};
			name = Debug;
		};
		250190AF2536FAAE00CCF96A /* Release */ = {
			isa = XCBuildConfiguration;
			buildSettings = {
				ALWAYS_SEARCH_USER_PATHS = NO;
				CLANG_ANALYZER_NONNULL = YES;
				CLANG_ANALYZER_NUMBER_OBJECT_CONVERSION = YES_AGGRESSIVE;
				CLANG_CXX_LANGUAGE_STANDARD = "gnu++14";
				CLANG_CXX_LIBRARY = "libc++";
				CLANG_ENABLE_MODULES = YES;
				CLANG_ENABLE_OBJC_ARC = YES;
				CLANG_ENABLE_OBJC_WEAK = YES;
				CLANG_WARN_BLOCK_CAPTURE_AUTORELEASING = YES;
				CLANG_WARN_BOOL_CONVERSION = YES;
				CLANG_WARN_COMMA = YES;
				CLANG_WARN_CONSTANT_CONVERSION = YES;
				CLANG_WARN_DEPRECATED_OBJC_IMPLEMENTATIONS = YES;
				CLANG_WARN_DIRECT_OBJC_ISA_USAGE = YES_ERROR;
				CLANG_WARN_DOCUMENTATION_COMMENTS = YES;
				CLANG_WARN_EMPTY_BODY = YES;
				CLANG_WARN_ENUM_CONVERSION = YES;
				CLANG_WARN_INFINITE_RECURSION = YES;
				CLANG_WARN_INT_CONVERSION = YES;
				CLANG_WARN_NON_LITERAL_NULL_CONVERSION = YES;
				CLANG_WARN_OBJC_IMPLICIT_RETAIN_SELF = YES;
				CLANG_WARN_OBJC_LITERAL_CONVERSION = YES;
				CLANG_WARN_OBJC_ROOT_CLASS = YES_ERROR;
				CLANG_WARN_QUOTED_INCLUDE_IN_FRAMEWORK_HEADER = YES;
				CLANG_WARN_RANGE_LOOP_ANALYSIS = YES;
				CLANG_WARN_STRICT_PROTOTYPES = YES;
				CLANG_WARN_SUSPICIOUS_MOVE = YES;
				CLANG_WARN_UNGUARDED_AVAILABILITY = YES_AGGRESSIVE;
				CLANG_WARN_UNREACHABLE_CODE = YES;
				CLANG_WARN__DUPLICATE_METHOD_MATCH = YES;
				COPY_PHASE_STRIP = NO;
				DEBUG_INFORMATION_FORMAT = "dwarf-with-dsym";
				ENABLE_NS_ASSERTIONS = NO;
				ENABLE_STRICT_OBJC_MSGSEND = YES;
				GCC_C_LANGUAGE_STANDARD = gnu11;
				GCC_NO_COMMON_BLOCKS = YES;
				GCC_WARN_64_TO_32_BIT_CONVERSION = YES;
				GCC_WARN_ABOUT_RETURN_TYPE = YES_ERROR;
				GCC_WARN_UNDECLARED_SELECTOR = YES;
				GCC_WARN_UNINITIALIZED_AUTOS = YES_AGGRESSIVE;
				GCC_WARN_UNUSED_FUNCTION = YES;
				GCC_WARN_UNUSED_VARIABLE = YES;
				IPHONEOS_DEPLOYMENT_TARGET = 14.0;
				MTL_ENABLE_DEBUG_INFO = NO;
				MTL_FAST_MATH = YES;
				SDKROOT = iphoneos;
				SWIFT_COMPILATION_MODE = wholemodule;
				SWIFT_OPTIMIZATION_LEVEL = "-O";
				VALIDATE_PRODUCT = YES;
			};
			name = Release;
		};
		250190B12536FAAE00CCF96A /* Debug */ = {
			isa = XCBuildConfiguration;
			baseConfigurationReference = 463D0E8C42DEB15318D97688 /* Pods-HelloFlutter.debug.xcconfig */;
			buildSettings = {
				ASSETCATALOG_COMPILER_APPICON_NAME = AppIcon;
				ASSETCATALOG_COMPILER_GLOBAL_ACCENT_COLOR_NAME = AccentColor;
				CODE_SIGN_STYLE = Automatic;
				DEVELOPMENT_TEAM = FA8NWUSJ95;
				INFOPLIST_FILE = "HelloFlutter/Info-Debug.plist";
				LD_RUNPATH_SEARCH_PATHS = (
					"$(inherited)",
					"@executable_path/Frameworks",
				);
				PRODUCT_BUNDLE_IDENTIFIER = me.textrapp.HelloFlutter;
				PRODUCT_NAME = "$(TARGET_NAME)";
				SWIFT_VERSION = 5.0;
				TARGETED_DEVICE_FAMILY = "1,2";
			};
			name = Debug;
		};
		250190B22536FAAE00CCF96A /* Release */ = {
			isa = XCBuildConfiguration;
			baseConfigurationReference = 94A11044F986FF1F1F80F2F1 /* Pods-HelloFlutter.release.xcconfig */;
			buildSettings = {
				ASSETCATALOG_COMPILER_APPICON_NAME = AppIcon;
				ASSETCATALOG_COMPILER_GLOBAL_ACCENT_COLOR_NAME = AccentColor;
				CODE_SIGN_STYLE = Automatic;
				DEVELOPMENT_TEAM = FA8NWUSJ95;
				INFOPLIST_FILE = "HelloFlutter/Info-Production.plist";
				LD_RUNPATH_SEARCH_PATHS = (
					"$(inherited)",
					"@executable_path/Frameworks",
				);
				PRODUCT_BUNDLE_IDENTIFIER = me.textrapp.HelloFlutter;
				PRODUCT_NAME = "$(TARGET_NAME)";
				SWIFT_VERSION = 5.0;
				TARGETED_DEVICE_FAMILY = "1,2";
			};
			name = Release;
		};
/* End XCBuildConfiguration section */

/* Begin XCConfigurationList section */
		250190972536FAAE00CCF96A /* Build configuration list for PBXProject "HelloFlutter" */ = {
			isa = XCConfigurationList;
			buildConfigurations = (
				250190AE2536FAAE00CCF96A /* Debug */,
				250190AF2536FAAE00CCF96A /* Release */,
			);
			defaultConfigurationIsVisible = 0;
			defaultConfigurationName = Release;
		};
		250190B02536FAAE00CCF96A /* Build configuration list for PBXNativeTarget "HelloFlutter" */ = {
			isa = XCConfigurationList;
			buildConfigurations = (
				250190B12536FAAE00CCF96A /* Debug */,
				250190B22536FAAE00CCF96A /* Release */,
			);
			defaultConfigurationIsVisible = 0;
			defaultConfigurationName = Release;
		};
/* End XCConfigurationList section */
	};
	rootObject = 250190942536FAAE00CCF96A /* Project object */;
}
